
Microsoft Visual Studio Solution File, Format Version 11.00
# Visual Studio 2010
Project("{FAE04EC0-301F-11D3-BF4B-00C04F79EFBC}") = "Test", "Test\Test.csproj", "{E658ECA0-D8AD-4E57-988A-467786A52831}"
EndProject
Project("{FAE04EC0-301F-11D3-BF4B-00C04F79EFBC}") = "UnityFilterProvider", "UnityFilterProvider\UnityFilterProvider.csproj", "{38CB4C93-B927-4579-86EA-A129A674EE8D}"
EndProject
Global
	GlobalSection(SolutionConfigurationPlatforms) = preSolution
		Debug|Any CPU = Debug|Any CPU
		Release|Any CPU = Release|Any CPU
	EndGlobalSection
	GlobalSection(ProjectConfigurationPlatforms) = postSolution
		{E658ECA0-D8AD-4E57-988A-467786A52831}.Debug|Any CPU.ActiveCfg = Debug|Any CPU
		{E658ECA0-D8AD-4E57-988A-467786A52831}.Debug|Any CPU.Build.0 = Debug|Any CPU
		{E658ECA0-D8AD-4E57-988A-467786A52831}.Release|Any CPU.ActiveCfg = Release|Any CPU
		{E658ECA0-D8AD-4E57-988A-467786A52831}.Release|Any CPU.Build.0 = Release|Any CPU
		{38CB4C93-B927-4579-86EA-A129A674EE8D}.Debug|Any CPU.ActiveCfg = Debug|Any CPU
		{38CB4C93-B927-4579-86EA-A129A674EE8D}.Debug|Any CPU.Build.0 = Debug|Any CPU
		{38CB4C93-B927-4579-86EA-A129A674EE8D}.Release|Any CPU.ActiveCfg = Release|Any CPU
		{38CB4C93-B927-4579-86EA-A129A674EE8D}.Release|Any CPU.Build.0 = Release|Any CPU
	EndGlobalSection
	GlobalSection(SolutionProperties) = preSolution
		HideSolutionNode = FALSE
	EndGlobalSection
EndGlobal
